
Microsoft Visual Studio Solution File, Format Version 12.00
# Visual Studio 15
VisualStudioVersion = 15.0.27703.2035
MinimumVisualStudioVersion = 10.0.40219.1
Project("{FAE04EC0-301F-11D3-BF4B-00C04F79EFBC}") = "WordFinder", "WordFinder\WordFinder.csproj", "{ED9E07B1-5B9F-4B9A-8833-7AAA2846C80F}"
EndProject
Global
	GlobalSection(SolutionConfigurationPlatforms) = preSolution
		Debug|Any CPU = Debug|Any CPU
		Release|Any CPU = Release|Any CPU
	EndGlobalSection
	GlobalSection(ProjectConfigurationPlatforms) = postSolution
		{ED9E07B1-5B9F-4B9A-8833-7AAA2846C80F}.Debug|Any CPU.ActiveCfg = Debug|Any CPU
		{ED9E07B1-5B9F-4B9A-8833-7AAA2846C80F}.Debug|Any CPU.Build.0 = Debug|Any CPU
		{ED9E07B1-5B9F-4B9A-8833-7AAA2846C80F}.Release|Any CPU.ActiveCfg = Release|Any CPU
		{ED9E07B1-5B9F-4B9A-8833-7AAA2846C80F}.Release|Any CPU.Build.0 = Release|Any CPU
	EndGlobalSection
	GlobalSection(SolutionProperties) = preSolution
		HideSolutionNode = FALSE
	EndGlobalSection
	GlobalSection(ExtensibilityGlobals) = postSolution
		SolutionGuid = {E6A29E19-0D90-45AD-B234-D84E91828004}
	EndGlobalSection
EndGlobal
